
Microsoft Visual Studio Solution File, Format Version 12.00
# Visual Studio Version 17
VisualStudioVersion = 17.4.33110.190
MinimumVisualStudioVersion = 10.0.40219.1
Project("{8BC9CEB8-8B4A-11D0-8D11-00A0C91BC942}") = "engine", "engine.vcxproj", "{CE66087C-D527-45C1-A97E-7530D9D6F2AE}"
EndProject
Global
	GlobalSection(SolutionConfigurationPlatforms) = preSolution
		Debug|x64 = Debug|x64
		Release|x64 = Release|x64
	EndGlobalSection
	GlobalSection(ProjectConfigurationPlatforms) = postSolution
		{CE66087C-D527-45C1-A97E-7530D9D6F2AE}.Debug|x64.ActiveCfg = Debug|x64
		{CE66087C-D527-45C1-A97E-7530D9D6F2AE}.Debug|x64.Build.0 = Debug|x64
		{CE66087C-D527-45C1-A97E-7530D9D6F2AE}.Release|x64.ActiveCfg = Release|x64
		{CE66087C-D527-45C1-A97E-7530D9D6F2AE}.Release|x64.Build.0 = Release|x64
	EndGlobalSection
	GlobalSection(SolutionProperties) = preSolution
		HideSolutionNode = FALSE
	EndGlobalSection
	GlobalSection(ExtensibilityGlobals) = postSolution
		SolutionGuid = {59A54FC0-03D1-44FB-9513-B5B1DF38FD25}
	EndGlobalSection
EndGlobal
